PODS:
  - Bolts-Swift (1.5.0)
  - PromiseKit (8.1.2):
    - PromiseKit/CorePromise (= 8.1.2)
    - PromiseKit/Foundation (= 8.1.2)
    - PromiseKit/UIKit (= 8.1.2)
  - PromiseKit/CorePromise (8.1.2)
  - PromiseKit/Foundation (8.1.2):
    - PromiseKit/CorePromise
  - PromiseKit/UIKit (8.1.2):
    - PromiseKit/CorePromise
  - RxSwift (6.7.1)

DEPENDENCIES:
  - Bolts-Swift
  - PromiseKit
  - RxSwift

SPEC REPOS:
  trunk:
    - Bolts-Swift
    - PromiseKit
    - RxSwift

SPEC CHECKSUMS:
  Bolts-Swift: afbbaf8c8186e7f769be4afa656949c14087ba44
  PromiseKit: e057b5b3c0ce9a0145674d633930924234104ee3
  RxSwift: b9a93a26031785159e11abd40d1a55bcb8057e52

PODFILE CHECKSUM: 128b464cec346c13502978391e8e105dbd86a49a

COCOAPODS: 1.15.2
